// !$*UTF8*$!
{
	archiveVersion = 1;
	classes = {
	};
	objectVersion = 55;
	objects = {

/* Begin PBXBuildFile section */
		6333D07228AC1769009698E2 /* regioSpace_SwiftUI_iOSApp.swift in Sources */ = {isa = PBXBuildFile; fileRef = 6333D07128AC1769009698E2 /* regioSpace_SwiftUI_iOSApp.swift */; };
		6333D07428AC1769009698E2 /* WelcomeScreen.swift in Sources */ = {isa = PBXBuildFile; fileRef = 6333D07328AC1769009698E2 /* WelcomeScreen.swift */; };
		6333D07628AC176A009698E2 /* Assets.xcassets in Resources */ = {isa = PBXBuildFile; fileRef = 6333D07528AC176A009698E2 /* Assets.xcassets */; };
		6333D07928AC176A009698E2 /* Preview Assets.xcassets in Resources */ = {isa = PBXBuildFile; fileRef = 6333D07828AC176A009698E2 /* Preview Assets.xcassets */; };
		6333D08028AC1801009698E2 /* AppConfig.swift in Sources */ = {isa = PBXBuildFile; fileRef = 6333D07F28AC1801009698E2 /* AppConfig.swift */; };
		6333D08328AC2E23009698E2 /* RegScreen.swift in Sources */ = {isa = PBXBuildFile; fileRef = 6333D08228AC2E23009698E2 /* RegScreen.swift */; };
		6356662E28B2D2CB00511B83 /* ActivityScreen.swift in Sources */ = {isa = PBXBuildFile; fileRef = 6356662D28B2D2CB00511B83 /* ActivityScreen.swift */; };
		6356663028B584CF00511B83 /* MainView.swift in Sources */ = {isa = PBXBuildFile; fileRef = 6356662F28B584CF00511B83 /* MainView.swift */; };
		637EBA6F28B8C13B004B924B /* NewMessageScreen.swift in Sources */ = {isa = PBXBuildFile; fileRef = 637EBA6E28B8C13B004B924B /* NewMessageScreen.swift */; };
		637EBA7128B8C305004B924B /* SettingsScreen.swift in Sources */ = {isa = PBXBuildFile; fileRef = 637EBA7028B8C305004B924B /* SettingsScreen.swift */; };
/* End PBXBuildFile section */

/* Begin PBXFileReference section */
		6333D06E28AC1769009698E2 /* regioSpace_SwiftUI_iOS.app */ = {isa = PBXFileReference; explicitFileType = wrapper.application; includeInIndex = 0; path = regioSpace_SwiftUI_iOS.app; sourceTree = BUILT_PRODUCTS_DIR; };
		6333D07128AC1769009698E2 /* regioSpace_SwiftUI_iOSApp.swift */ = {isa = PBXFileReference; lastKnownFileType = sourcecode.swift; path = regioSpace_SwiftUI_iOSApp.swift; sourceTree = "<group>"; };
		6333D07328AC1769009698E2 /* WelcomeScreen.swift */ = {isa = PBXFileReference; lastKnownFileType = sourcecode.swift; path = WelcomeScreen.swift; sourceTree = "<group>"; };
		6333D07528AC176A009698E2 /* Assets.xcassets */ = {isa = PBXFileReference; lastKnownFileType = folder.assetcatalog; path = Assets.xcassets; sourceTree = "<group>"; };
		6333D07828AC176A009698E2 /* Preview Assets.xcassets */ = {isa = PBXFileReference; lastKnownFileType = folder.assetcatalog; path = "Preview Assets.xcassets"; sourceTree = "<group>"; };
		6333D07F28AC1801009698E2 /* AppConfig.swift */ = {isa = PBXFileReference; lastKnownFileType = sourcecode.swift; path = AppConfig.swift; sourceTree = "<group>"; };
		6333D08228AC2E23009698E2 /* RegScreen.swift */ = {isa = PBXFileReference; lastKnownFileType = sourcecode.swift; path = RegScreen.swift; sourceTree = "<group>"; };
		6356662D28B2D2CB00511B83 /* ActivityScreen.swift */ = {isa = PBXFileReference; lastKnownFileType = sourcecode.swift; path = ActivityScreen.swift; sourceTree = "<group>"; };
		6356662F28B584CF00511B83 /* MainView.swift */ = {isa = PBXFileReference; lastKnownFileType = sourcecode.swift; path = MainView.swift; sourceTree = "<group>"; };
		637EBA6E28B8C13B004B924B /* NewMessageScreen.swift */ = {isa = PBXFileReference; lastKnownFileType = sourcecode.swift; path = NewMessageScreen.swift; sourceTree = "<group>"; };
		637EBA7028B8C305004B924B /* SettingsScreen.swift */ = {isa = PBXFileReference; lastKnownFileType = sourcecode.swift; path = SettingsScreen.swift; sourceTree = "<group>"; };
/* End PBXFileReference section */

/* Begin PBXFrameworksBuildPhase section */
		6333D06B28AC1769009698E2 /* Frameworks */ = {
			isa = PBXFrameworksBuildPhase;
			buildActionMask = 2147483647;
			files = (
			);
			runOnlyForDeploymentPostprocessing = 0;
		};
/* End PBXFrameworksBuildPhase section */

/* Begin PBXGroup section */
		6333D06528AC1769009698E2 = {
			isa = PBXGroup;
			children = (
				6333D07028AC1769009698E2 /* regioSpace_SwiftUI_iOS */,
				6333D06F28AC1769009698E2 /* Products */,
			);
			sourceTree = "<group>";
		};
		6333D06F28AC1769009698E2 /* Products */ = {
			isa = PBXGroup;
			children = (
				6333D06E28AC1769009698E2 /* regioSpace_SwiftUI_iOS.app */,
			);
			name = Products;
			sourceTree = "<group>";
		};
		6333D07028AC1769009698E2 /* regioSpace_SwiftUI_iOS */ = {
			isa = PBXGroup;
			children = (
				6333D08128AC1808009698E2 /* View */,
				6333D07128AC1769009698E2 /* regioSpace_SwiftUI_iOSApp.swift */,
				6333D07528AC176A009698E2 /* Assets.xcassets */,
				6333D07728AC176A009698E2 /* Preview Content */,
				6333D07F28AC1801009698E2 /* AppConfig.swift */,
			);
			path = regioSpace_SwiftUI_iOS;
			sourceTree = "<group>";
		};
		6333D07728AC176A009698E2 /* Preview Content */ = {
			isa = PBXGroup;
			children = (
				6333D07828AC176A009698E2 /* Preview Assets.xcassets */,
			);
			path = "Preview Content";
			sourceTree = "<group>";
		};
		6333D08128AC1808009698E2 /* View */ = {
			isa = PBXGroup;
			children = (
				6333D07328AC1769009698E2 /* WelcomeScreen.swift */,
				6333D08228AC2E23009698E2 /* RegScreen.swift */,
				6356662D28B2D2CB00511B83 /* ActivityScreen.swift */,
				6356662F28B584CF00511B83 /* MainView.swift */,
				637EBA6E28B8C13B004B924B /* NewMessageScreen.swift */,
				637EBA7028B8C305004B924B /* SettingsScreen.swift */,
			);
			name = View;
			sourceTree = "<group>";
		};
/* End PBXGroup section */

/* Begin PBXNativeTarget section */
		6333D06D28AC1769009698E2 /* regioSpace_SwiftUI_iOS */ = {
			isa = PBXNativeTarget;
			buildConfigurationList = 6333D07C28AC176A009698E2 /* Build configuration list for PBXNativeTarget "regioSpace_SwiftUI_iOS" */;
			buildPhases = (
				6333D06A28AC1769009698E2 /* Sources */,
				6333D06B28AC1769009698E2 /* Frameworks */,
				6333D06C28AC1769009698E2 /* Resources */,
			);
			buildRules = (
			);
			dependencies = (
			);
			name = regioSpace_SwiftUI_iOS;
			productName = regioSpace_SwiftUI_iOS;
			productReference = 6333D06E28AC1769009698E2 /* regioSpace_SwiftUI_iOS.app */;
			productType = "com.apple.product-type.application";
		};
/* End PBXNativeTarget section */

/* Begin PBXProject section */
		6333D06628AC1769009698E2 /* Project object */ = {
			isa = PBXProject;
			attributes = {
				BuildIndependentTargetsInParallel = 1;
				LastSwiftUpdateCheck = 1340;
				LastUpgradeCheck = 1340;
				TargetAttributes = {
					6333D06D28AC1769009698E2 = {
						CreatedOnToolsVersion = 13.4.1;
					};
				};
			};
			buildConfigurationList = 6333D06928AC1769009698E2 /* Build configuration list for PBXProject "regioSpace_SwiftUI_iOS" */;
			compatibilityVersion = "Xcode 13.0";
			developmentRegion = en;
			hasScannedForEncodings = 0;
			knownRegions = (
				en,
				Base,
			);
			mainGroup = 6333D06528AC1769009698E2;
			productRefGroup = 6333D06F28AC1769009698E2 /* Products */;
			projectDirPath = "";
			projectRoot = "";
			targets = (
				6333D06D28AC1769009698E2 /* regioSpace_SwiftUI_iOS */,
			);
		};
/* End PBXProject section */

/* Begin PBXResourcesBuildPhase section */
		6333D06C28AC1769009698E2 /* Resources */ = {
			isa = PBXResourcesBuildPhase;
			buildActionMask = 2147483647;
			files = (
				6333D07928AC176A009698E2 /* Preview Assets.xcassets in Resources */,
				6333D07628AC176A009698E2 /* Assets.xcassets in Resources */,
			);
			runOnlyForDeploymentPostprocessing = 0;
		};
/* End PBXResourcesBuildPhase section */

/* Begin PBXSourcesBuildPhase section */
		6333D06A28AC1769009698E2 /* Sources */ = {
			isa = PBXSourcesBuildPhase;
			buildActionMask = 2147483647;
			files = (
				637EBA7128B8C305004B924B /* SettingsScreen.swift in Sources */,
				6333D08328AC2E23009698E2 /* RegScreen.swift in Sources */,
				6356663028B584CF00511B83 /* MainView.swift in Sources */,
				6333D08028AC1801009698E2 /* AppConfig.swift in Sources */,
				6333D07428AC1769009698E2 /* WelcomeScreen.swift in Sources */,
				637EBA6F28B8C13B004B924B /* NewMessageScreen.swift in Sources */,
				6333D07228AC1769009698E2 /* regioSpace_SwiftUI_iOSApp.swift in Sources */,
				6356662E28B2D2CB00511B83 /* ActivityScreen.swift in Sources */,
			);
			runOnlyForDeploymentPostprocessing = 0;
		};
/* End PBXSourcesBuildPhase section */

/* Begin XCBuildConfiguration section */
		6333D07A28AC176A009698E2 /* Debug */ = {
			isa = XCBuildConfiguration;
			buildSettings = {
				ALWAYS_SEARCH_USER_PATHS = NO;
				CLANG_ANALYZER_NONNULL = YES;
				CLANG_ANALYZER_NUMBER_OBJECT_CONVERSION = YES_AGGRESSIVE;
				CLANG_CXX_LANGUAGE_STANDARD = "gnu++17";
				CLANG_ENABLE_MODULES = YES;
				CLANG_ENABLE_OBJC_ARC = YES;
				CLANG_ENABLE_OBJC_WEAK = YES;
				CLANG_WARN_BLOCK_CAPTURE_AUTORELEASING = YES;
				CLANG_WARN_BOOL_CONVERSION = YES;
				CLANG_WARN_COMMA = YES;
				CLANG_WARN_CONSTANT_CONVERSION = YES;
				CLANG_WARN_DEPRECATED_OBJC_IMPLEMENTATIONS = YES;
				CLANG_WARN_DIRECT_OBJC_ISA_USAGE = YES_ERROR;
				CLANG_WARN_DOCUMENTATION_COMMENTS = YES;
				CLANG_WARN_EMPTY_BODY = YES;
				CLANG_WARN_ENUM_CONVERSION = YES;
				CLANG_WARN_INFINITE_RECURSION = YES;
				CLANG_WARN_INT_CONVERSION = YES;
				CLANG_WARN_NON_LITERAL_NULL_CONVERSION = YES;
				CLANG_WARN_OBJC_IMPLICIT_RETAIN_SELF = YES;
				CLANG_WARN_OBJC_LITERAL_CONVERSION = YES;
				CLANG_WARN_OBJC_ROOT_CLASS = YES_ERROR;
				CLANG_WARN_QUOTED_INCLUDE_IN_FRAMEWORK_HEADER = YES;
				CLANG_WARN_RANGE_LOOP_ANALYSIS = YES;
				CLANG_WARN_STRICT_PROTOTYPES = YES;
				CLANG_WARN_SUSPICIOUS_MOVE = YES;
				CLANG_WARN_UNGUARDED_AVAILABILITY = YES_AGGRESSIVE;
				CLANG_WARN_UNREACHABLE_CODE = YES;
				CLANG_WARN__DUPLICATE_METHOD_MATCH = YES;
				COPY_PHASE_STRIP = NO;
				DEBUG_INFORMATION_FORMAT = dwarf;
				ENABLE_STRICT_OBJC_MSGSEND = YES;
				ENABLE_TESTABILITY = YES;
				GCC_C_LANGUAGE_STANDARD = gnu11;
				GCC_DYNAMIC_NO_PIC = NO;
				GCC_NO_COMMON_BLOCKS = YES;
				GCC_OPTIMIZATION_LEVEL = 0;
				GCC_PREPROCESSOR_DEFINITIONS = (
					"DEBUG=1",
					"$(inherited)",
				);
				GCC_WARN_64_TO_32_BIT_CONVERSION = YES;
				GCC_WARN_ABOUT_RETURN_TYPE = YES_ERROR;
				GCC_WARN_UNDECLARED_SELECTOR = YES;
				GCC_WARN_UNINITIALIZED_AUTOS = YES_AGGRESSIVE;
				GCC_WARN_UNUSED_FUNCTION = YES;
				GCC_WARN_UNUSED_VARIABLE = YES;
				IPHONEOS_DEPLOYMENT_TARGET = 15.5;
				MTL_ENABLE_DEBUG_INFO = INCLUDE_SOURCE;
				MTL_FAST_MATH = YES;
				ONLY_ACTIVE_ARCH = YES;
				SDKROOT = iphoneos;
				SWIFT_ACTIVE_COMPILATION_CONDITIONS = DEBUG;
				SWIFT_OPTIMIZATION_LEVEL = "-Onone";
			};
			name = Debug;
		};
		6333D07B28AC176A009698E2 /* Release */ = {
			isa = XCBuildConfiguration;
			buildSettings = {
				ALWAYS_SEARCH_USER_PATHS = NO;
				CLANG_ANALYZER_NONNULL = YES;
				CLANG_ANALYZER_NUMBER_OBJECT_CONVERSION = YES_AGGRESSIVE;
				CLANG_CXX_LANGUAGE_STANDARD = "gnu++17";
				CLANG_ENABLE_MODULES = YES;
				CLANG_ENABLE_OBJC_ARC = YES;
				CLANG_ENABLE_OBJC_WEAK = YES;
				CLANG_WARN_BLOCK_CAPTURE_AUTORELEASING = YES;
				CLANG_WARN_BOOL_CONVERSION = YES;
				CLANG_WARN_COMMA = YES;
				CLANG_WARN_CONSTANT_CONVERSION = YES;
				CLANG_WARN_DEPRECATED_OBJC_IMPLEMENTATIONS = YES;
				CLANG_WARN_DIRECT_OBJC_ISA_USAGE = YES_ERROR;
				CLANG_WARN_DOCUMENTATION_COMMENTS = YES;
				CLANG_WARN_EMPTY_BODY = YES;
				CLANG_WARN_ENUM_CONVERSION = YES;
				CLANG_WARN_INFINITE_RECURSION = YES;
				CLANG_WARN_INT_CONVERSION = YES;
				CLANG_WARN_NON_LITERAL_NULL_CONVERSION = YES;
				CLANG_WARN_OBJC_IMPLICIT_RETAIN_SELF = YES;
				CLANG_WARN_OBJC_LITERAL_CONVERSION = YES;
				CLANG_WARN_OBJC_ROOT_CLASS = YES_ERROR;
				CLANG_WARN_QUOTED_INCLUDE_IN_FRAMEWORK_HEADER = YES;
				CLANG_WARN_RANGE_LOOP_ANALYSIS = YES;
				CLANG_WARN_STRICT_PROTOTYPES = YES;
				CLANG_WARN_SUSPICIOUS_MOVE = YES;
				CLANG_WARN_UNGUARDED_AVAILABILITY = YES_AGGRESSIVE;
				CLANG_WARN_UNREACHABLE_CODE = YES;
				CLANG_WARN__DUPLICATE_METHOD_MATCH = YES;
				COPY_PHASE_STRIP = NO;
				DEBUG_INFORMATION_FORMAT = "dwarf-with-dsym";
				ENABLE_NS_ASSERTIONS = NO;
				ENABLE_STRICT_OBJC_MSGSEND = YES;
				GCC_C_LANGUAGE_STANDARD = gnu11;
				GCC_NO_COMMON_BLOCKS = YES;
				GCC_WARN_64_TO_32_BIT_CONVERSION = YES;
				GCC_WARN_ABOUT_RETURN_TYPE = YES_ERROR;
				GCC_WARN_UNDECLARED_SELECTOR = YES;
				GCC_WARN_UNINITIALIZED_AUTOS = YES_AGGRESSIVE;
				GCC_WARN_UNUSED_FUNCTION = YES;
				GCC_WARN_UNUSED_VARIABLE = YES;
				IPHONEOS_DEPLOYMENT_TARGET = 15.5;
				MTL_ENABLE_DEBUG_INFO = NO;
				MTL_FAST_MATH = YES;
				SDKROOT = iphoneos;
				SWIFT_COMPILATION_MODE = wholemodule;
				SWIFT_OPTIMIZATION_LEVEL = "-O";
				VALIDATE_PRODUCT = YES;
			};
			name = Release;
		};
		6333D07D28AC176A009698E2 /* Debug */ = {
			isa = XCBuildConfiguration;
			buildSettings = {
				ASSETCATALOG_COMPILER_APPICON_NAME = AppIcon;
				ASSETCATALOG_COMPILER_GLOBAL_ACCENT_COLOR_NAME = AccentColor;
				CODE_SIGN_STYLE = Automatic;
				CURRENT_PROJECT_VERSION = 1;
				DEVELOPMENT_ASSET_PATHS = "\"regioSpace_SwiftUI_iOS/Preview Content\"";
				DEVELOPMENT_TEAM = L69CCQ27TW;
				ENABLE_PREVIEWS = YES;
				GENERATE_INFOPLIST_FILE = YES;
				INFOPLIST_KEY_UIApplicationSceneManifest_Generation = YES;
				INFOPLIST_KEY_UIApplicationSupportsIndirectInputEvents = YES;
				INFOPLIST_KEY_UILaunchScreen_Generation = YES;
				INFOPLIST_KEY_UISupportedInterfaceOrientations_iPad = "UIInterfaceOrientationPortrait UIInterfaceOrientationPortraitUpsideDown UIInterfaceOrientationLandscapeLeft UIInterfaceOrientationLandscapeRight";
				INFOPLIST_KEY_UISupportedInterfaceOrientations_iPhone = "UIInterfaceOrientationPortrait UIInterfaceOrientationLandscapeLeft UIInterfaceOrientationLandscapeRight";
				LD_RUNPATH_SEARCH_PATHS = (
					"$(inherited)",
					"@executable_path/Frameworks",
				);
				MARKETING_VERSION = 1.0;
				PRODUCT_BUNDLE_IDENTIFIER = "Patrick.Lanham.regioSpace-SwiftUI-iOS";
				PRODUCT_NAME = "$(TARGET_NAME)";
				SWIFT_EMIT_LOC_STRINGS = YES;
				SWIFT_VERSION = 5.0;
				TARGETED_DEVICE_FAMILY = "1,2";
			};
			name = Debug;
		};
		6333D07E28AC176A009698E2 /* Release */ = {
			isa = XCBuildConfiguration;
			buildSettings = {
				ASSETCATALOG_COMPILER_APPICON_NAME = AppIcon;
				ASSETCATALOG_COMPILER_GLOBAL_ACCENT_COLOR_NAME = AccentColor;
				CODE_SIGN_STYLE = Automatic;
				CURRENT_PROJECT_VERSION = 1;
				DEVELOPMENT_ASSET_PATHS = "\"regioSpace_SwiftUI_iOS/Preview Content\"";
				DEVELOPMENT_TEAM = L69CCQ27TW;
				ENABLE_PREVIEWS = YES;
				GENERATE_INFOPLIST_FILE = YES;
				INFOPLIST_KEY_UIApplicationSceneManifest_Generation = YES;
				INFOPLIST_KEY_UIApplicationSupportsIndirectInputEvents = YES;
				INFOPLIST_KEY_UILaunchScreen_Generation = YES;
				INFOPLIST_KEY_UISupportedInterfaceOrientations_iPad = "UIInterfaceOrientationPortrait UIInterfaceOrientationPortraitUpsideDown UIInterfaceOrientationLandscapeLeft UIInterfaceOrientationLandscapeRight";
				INFOPLIST_KEY_UISupportedInterfaceOrientations_iPhone = "UIInterfaceOrientationPortrait UIInterfaceOrientationLandscapeLeft UIInterfaceOrientationLandscapeRight";
				LD_RUNPATH_SEARCH_PATHS = (
					"$(inherited)",
					"@executable_path/Frameworks",
				);
				MARKETING_VERSION = 1.0;
				PRODUCT_BUNDLE_IDENTIFIER = "Patrick.Lanham.regioSpace-SwiftUI-iOS";
				PRODUCT_NAME = "$(TARGET_NAME)";
				SWIFT_EMIT_LOC_STRINGS = YES;
				SWIFT_VERSION = 5.0;
				TARGETED_DEVICE_FAMILY = "1,2";
			};
			name = Release;
		};
/* End XCBuildConfiguration section */

/* Begin XCConfigurationList section */
		6333D06928AC1769009698E2 /* Build configuration list for PBXProject "regioSpace_SwiftUI_iOS" */ = {
			isa = XCConfigurationList;
			buildConfigurations = (
				6333D07A28AC176A009698E2 /* Debug */,
				6333D07B28AC176A009698E2 /* Release */,
			);
			defaultConfigurationIsVisible = 0;
			defaultConfigurationName = Release;
		};
		6333D07C28AC176A009698E2 /* Build configuration list for PBXNativeTarget "regioSpace_SwiftUI_iOS" */ = {
			isa = XCConfigurationList;
			buildConfigurations = (
				6333D07D28AC176A009698E2 /* Debug */,
				6333D07E28AC176A009698E2 /* Release */,
			);
			defaultConfigurationIsVisible = 0;
			defaultConfigurationName = Release;
		};
/* End XCConfigurationList section */
	};
	rootObject = 6333D06628AC1769009698E2 /* Project object */;
}
